
Microsoft Visual Studio Solution File, Format Version 12.00
# Visual Studio 15
VisualStudioVersion = 15.0.26730.12
MinimumVisualStudioVersion = 10.0.40219.1
Project("{FAE04EC0-301F-11D3-BF4B-00C04F79EFBC}") = "AutoMapperTest", "AutoMapperTest\AutoMapperTest.csproj", "{BB85FFDC-B4A5-4233-83CF-7349883D9A73}"
EndProject
Project("{FAE04EC0-301F-11D3-BF4B-00C04F79EFBC}") = "WoBangMaiSDK", "WoBangMaiSDK\WoBangMaiSDK.csproj", "{F9272560-429F-46CF-959B-92ABCE6F6EE4}"
EndProject
Project("{FAE04EC0-301F-11D3-BF4B-00C04F79EFBC}") = "ExpresssionTest", "ExpresssionTest\ExpresssionTest.csproj", "{6EA1654B-C80C-4B17-9E0C-B1FF9CE6D737}"
EndProject
Project("{FAE04EC0-301F-11D3-BF4B-00C04F79EFBC}") = "LinqTest", "LinqTest\LinqTest.csproj", "{FC2130C5-A47B-4B5F-B22D-FB30CB2ED0B7}"
EndProject
Project("{FAE04EC0-301F-11D3-BF4B-00C04F79EFBC}") = "ExpressionParser.Plug", "ExpressionParser.Plug\ExpressionParser.Plug.csproj", "{A4287176-F825-4359-819C-E99E598564CD}"
EndProject
Global
	GlobalSection(SolutionConfigurationPlatforms) = preSolution
		Debug|Any CPU = Debug|Any CPU
		Release|Any CPU = Release|Any CPU
	EndGlobalSection
	GlobalSection(ProjectConfigurationPlatforms) = postSolution
		{BB85FFDC-B4A5-4233-83CF-7349883D9A73}.Debug|Any CPU.ActiveCfg = Debug|Any CPU
		{BB85FFDC-B4A5-4233-83CF-7349883D9A73}.Debug|Any CPU.Build.0 = Debug|Any CPU
		{BB85FFDC-B4A5-4233-83CF-7349883D9A73}.Release|Any CPU.ActiveCfg = Release|Any CPU
		{BB85FFDC-B4A5-4233-83CF-7349883D9A73}.Release|Any CPU.Build.0 = Release|Any CPU
		{F9272560-429F-46CF-959B-92ABCE6F6EE4}.Debug|Any CPU.ActiveCfg = Debug|Any CPU
		{F9272560-429F-46CF-959B-92ABCE6F6EE4}.Debug|Any CPU.Build.0 = Debug|Any CPU
		{F9272560-429F-46CF-959B-92ABCE6F6EE4}.Release|Any CPU.ActiveCfg = Release|Any CPU
		{F9272560-429F-46CF-959B-92ABCE6F6EE4}.Release|Any CPU.Build.0 = Release|Any CPU
		{6EA1654B-C80C-4B17-9E0C-B1FF9CE6D737}.Debug|Any CPU.ActiveCfg = Debug|Any CPU
		{6EA1654B-C80C-4B17-9E0C-B1FF9CE6D737}.Debug|Any CPU.Build.0 = Debug|Any CPU
		{6EA1654B-C80C-4B17-9E0C-B1FF9CE6D737}.Release|Any CPU.ActiveCfg = Release|Any CPU
		{6EA1654B-C80C-4B17-9E0C-B1FF9CE6D737}.Release|Any CPU.Build.0 = Release|Any CPU
		{FC2130C5-A47B-4B5F-B22D-FB30CB2ED0B7}.Debug|Any CPU.ActiveCfg = Debug|Any CPU
		{FC2130C5-A47B-4B5F-B22D-FB30CB2ED0B7}.Debug|Any CPU.Build.0 = Debug|Any CPU
		{FC2130C5-A47B-4B5F-B22D-FB30CB2ED0B7}.Release|Any CPU.ActiveCfg = Release|Any CPU
		{FC2130C5-A47B-4B5F-B22D-FB30CB2ED0B7}.Release|Any CPU.Build.0 = Release|Any CPU
		{A4287176-F825-4359-819C-E99E598564CD}.Debug|Any CPU.ActiveCfg = Debug|Any CPU
		{A4287176-F825-4359-819C-E99E598564CD}.Debug|Any CPU.Build.0 = Debug|Any CPU
		{A4287176-F825-4359-819C-E99E598564CD}.Release|Any CPU.ActiveCfg = Release|Any CPU
		{A4287176-F825-4359-819C-E99E598564CD}.Release|Any CPU.Build.0 = Release|Any CPU
	EndGlobalSection
	GlobalSection(SolutionProperties) = preSolution
		HideSolutionNode = FALSE
	EndGlobalSection
	GlobalSection(ExtensibilityGlobals) = postSolution
		SolutionGuid = {0D02AD0F-4263-4593-8388-AC04B5E8BD69}
	EndGlobalSection
EndGlobal
